
Microsoft Visual Studio Solution File, Format Version 12.00
# Visual Studio Version 16
VisualStudioVersion = 16.0.31112.23
MinimumVisualStudioVersion = 10.0.40219.1
Project("{9A19103F-16F7-4668-BE54-9A1E7A4F7556}") = "GrpcGreeter", "GrpcGreeter\GrpcGreeter.csproj", "{4698719C-3993-4F34-A505-6D589B25D367}"
EndProject
Project("{9A19103F-16F7-4668-BE54-9A1E7A4F7556}") = "GrpcGreeterClient", "GrpcGreeterClient\GrpcGreeterClient.csproj", "{163367B2-B773-45AE-80B2-DF84D3DB7525}"
EndProject
Global
	GlobalSection(SolutionConfigurationPlatforms) = preSolution
		Debug|Any CPU = Debug|Any CPU
		Release|Any CPU = Release|Any CPU
	EndGlobalSection
	GlobalSection(ProjectConfigurationPlatforms) = postSolution
		{4698719C-3993-4F34-A505-6D589B25D367}.Debug|Any CPU.ActiveCfg = Debug|Any CPU
		{4698719C-3993-4F34-A505-6D589B25D367}.Debug|Any CPU.Build.0 = Debug|Any CPU
		{4698719C-3993-4F34-A505-6D589B25D367}.Release|Any CPU.ActiveCfg = Release|Any CPU
		{4698719C-3993-4F34-A505-6D589B25D367}.Release|Any CPU.Build.0 = Release|Any CPU
		{163367B2-B773-45AE-80B2-DF84D3DB7525}.Debug|Any CPU.ActiveCfg = Debug|Any CPU
		{163367B2-B773-45AE-80B2-DF84D3DB7525}.Debug|Any CPU.Build.0 = Debug|Any CPU
		{163367B2-B773-45AE-80B2-DF84D3DB7525}.Release|Any CPU.ActiveCfg = Release|Any CPU
		{163367B2-B773-45AE-80B2-DF84D3DB7525}.Release|Any CPU.Build.0 = Release|Any CPU
	EndGlobalSection
	GlobalSection(SolutionProperties) = preSolution
		HideSolutionNode = FALSE
	EndGlobalSection
	GlobalSection(ExtensibilityGlobals) = postSolution
		SolutionGuid = {47B3B5EC-167E-4713-BF6D-EC7895D3A4A8}
	EndGlobalSection
EndGlobal
